
Microsoft Visual Studio Solution File, Format Version 12.00
# Visual Studio Version 16
VisualStudioVersion = 16.0.30011.22
MinimumVisualStudioVersion = 10.0.40219.1
Project("{FAE04EC0-301F-11D3-BF4B-00C04F79EFBC}") = "WinFormsApp", "WinFormsApp.csproj", "{22C77D75-ED81-4825-BE47-9E67782875B3}"
EndProject
Global
	GlobalSection(SolutionConfigurationPlatforms) = preSolution
		Debug|Any CPU = Debug|Any CPU
		Release|Any CPU = Release|Any CPU
	EndGlobalSection
	GlobalSection(ProjectConfigurationPlatforms) = postSolution
		{22C77D75-ED81-4825-BE47-9E67782875B3}.Debug|Any CPU.ActiveCfg = Debug|Any CPU
		{22C77D75-ED81-4825-BE47-9E67782875B3}.Debug|Any CPU.Build.0 = Debug|Any CPU
		{22C77D75-ED81-4825-BE47-9E67782875B3}.Release|Any CPU.ActiveCfg = Release|Any CPU
		{22C77D75-ED81-4825-BE47-9E67782875B3}.Release|Any CPU.Build.0 = Release|Any CPU
	EndGlobalSection
	GlobalSection(SolutionProperties) = preSolution
		HideSolutionNode = FALSE
	EndGlobalSection
	GlobalSection(ExtensibilityGlobals) = postSolution
		SolutionGuid = {514B29E5-B844-4404-86B3-DB401988030B}
	EndGlobalSection
EndGlobal
