
Microsoft Visual Studio Solution File, Format Version 12.00
# Visual Studio Version 16
VisualStudioVersion = 16.0.31624.102
MinimumVisualStudioVersion = 10.0.40219.1
Project("{FAE04EC0-301F-11D3-BF4B-00C04F79EFBC}") = "Scenario", "Scenario\Scenario.csproj", "{BD3020A9-9735-4C46-BF20-9CEEC75C17AB}"
EndProject
Project("{FAE04EC0-301F-11D3-BF4B-00C04F79EFBC}") = "Driver", "Driver\Driver.csproj", "{4F8CF5D1-4668-43EE-93A9-D3217E76D08B}"
EndProject
Project("{FAE04EC0-301F-11D3-BF4B-00C04F79EFBC}") = "Driver.InTarget", "Driver.InTarget\Driver.InTarget.csproj", "{768DC0B6-6E9D-4B1C-942F-89CE83997D88}"
EndProject
Global
	GlobalSection(SolutionConfigurationPlatforms) = preSolution
		Debug|Any CPU = Debug|Any CPU
		Release|Any CPU = Release|Any CPU
	EndGlobalSection
	GlobalSection(ProjectConfigurationPlatforms) = postSolution
		{BD3020A9-9735-4C46-BF20-9CEEC75C17AB}.Debug|Any CPU.ActiveCfg = Debug|Any CPU
		{BD3020A9-9735-4C46-BF20-9CEEC75C17AB}.Debug|Any CPU.Build.0 = Debug|Any CPU
		{BD3020A9-9735-4C46-BF20-9CEEC75C17AB}.Release|Any CPU.ActiveCfg = Release|Any CPU
		{BD3020A9-9735-4C46-BF20-9CEEC75C17AB}.Release|Any CPU.Build.0 = Release|Any CPU
		{4F8CF5D1-4668-43EE-93A9-D3217E76D08B}.Debug|Any CPU.ActiveCfg = Debug|Any CPU
		{4F8CF5D1-4668-43EE-93A9-D3217E76D08B}.Debug|Any CPU.Build.0 = Debug|Any CPU
		{4F8CF5D1-4668-43EE-93A9-D3217E76D08B}.Release|Any CPU.ActiveCfg = Release|Any CPU
		{4F8CF5D1-4668-43EE-93A9-D3217E76D08B}.Release|Any CPU.Build.0 = Release|Any CPU
		{768DC0B6-6E9D-4B1C-942F-89CE83997D88}.Debug|Any CPU.ActiveCfg = Debug|Any CPU
		{768DC0B6-6E9D-4B1C-942F-89CE83997D88}.Debug|Any CPU.Build.0 = Debug|Any CPU
		{768DC0B6-6E9D-4B1C-942F-89CE83997D88}.Release|Any CPU.ActiveCfg = Release|Any CPU
		{768DC0B6-6E9D-4B1C-942F-89CE83997D88}.Release|Any CPU.Build.0 = Release|Any CPU
	EndGlobalSection
	GlobalSection(SolutionProperties) = preSolution
		HideSolutionNode = FALSE
	EndGlobalSection
	GlobalSection(ExtensibilityGlobals) = postSolution
		SolutionGuid = {A031D0F9-8580-47D3-BF33-0E8292498186}
	EndGlobalSection
EndGlobal
