
Microsoft Visual Studio Solution File, Format Version 12.00
# Visual Studio Version 16
VisualStudioVersion = 16.0.31321.278
MinimumVisualStudioVersion = 10.0.40219.1
Project("{FAE04EC0-301F-11D3-BF4B-00C04F79EFBC}") = "Scenario", "Scenario\Scenario.csproj", "{7FBDAA15-EB4D-402E-8727-24585765D4F7}"
EndProject
Project("{FAE04EC0-301F-11D3-BF4B-00C04F79EFBC}") = "Driver", "Driver\Driver.csproj", "{C9B70C00-7FAB-41ED-BF53-8B9A9B5047C3}"
EndProject
Project("{FAE04EC0-301F-11D3-BF4B-00C04F79EFBC}") = "Driver.InTarget", "Driver.InTarget\Driver.InTarget.csproj", "{FFFEE5C7-FA69-4993-86F5-44DC6E88F80B}"
EndProject
Global
	GlobalSection(SolutionConfigurationPlatforms) = preSolution
		Debug|Any CPU = Debug|Any CPU
		Release|Any CPU = Release|Any CPU
	EndGlobalSection
	GlobalSection(ProjectConfigurationPlatforms) = postSolution
		{7FBDAA15-EB4D-402E-8727-24585765D4F7}.Debug|Any CPU.ActiveCfg = Debug|Any CPU
		{7FBDAA15-EB4D-402E-8727-24585765D4F7}.Debug|Any CPU.Build.0 = Debug|Any CPU
		{7FBDAA15-EB4D-402E-8727-24585765D4F7}.Release|Any CPU.ActiveCfg = Release|Any CPU
		{7FBDAA15-EB4D-402E-8727-24585765D4F7}.Release|Any CPU.Build.0 = Release|Any CPU
		{C9B70C00-7FAB-41ED-BF53-8B9A9B5047C3}.Debug|Any CPU.ActiveCfg = Debug|Any CPU
		{C9B70C00-7FAB-41ED-BF53-8B9A9B5047C3}.Debug|Any CPU.Build.0 = Debug|Any CPU
		{C9B70C00-7FAB-41ED-BF53-8B9A9B5047C3}.Release|Any CPU.ActiveCfg = Release|Any CPU
		{C9B70C00-7FAB-41ED-BF53-8B9A9B5047C3}.Release|Any CPU.Build.0 = Release|Any CPU
		{FFFEE5C7-FA69-4993-86F5-44DC6E88F80B}.Debug|Any CPU.ActiveCfg = Debug|Any CPU
		{FFFEE5C7-FA69-4993-86F5-44DC6E88F80B}.Debug|Any CPU.Build.0 = Debug|Any CPU
		{FFFEE5C7-FA69-4993-86F5-44DC6E88F80B}.Release|Any CPU.ActiveCfg = Release|Any CPU
		{FFFEE5C7-FA69-4993-86F5-44DC6E88F80B}.Release|Any CPU.Build.0 = Release|Any CPU
	EndGlobalSection
	GlobalSection(SolutionProperties) = preSolution
		HideSolutionNode = FALSE
	EndGlobalSection
	GlobalSection(ExtensibilityGlobals) = postSolution
		SolutionGuid = {36C13557-4C99-411A-9041-5F1860094772}
	EndGlobalSection
EndGlobal
