
Microsoft Visual Studio Solution File, Format Version 12.00
# Visual Studio Version 16
VisualStudioVersion = 16.0.31321.278
MinimumVisualStudioVersion = 10.0.40219.1
Project("{FAE04EC0-301F-11D3-BF4B-00C04F79EFBC}") = "Scenario", "Scenario\Scenario.csproj", "{DD231356-7C16-43C5-AD6B-C302385E37FF}"
EndProject
Project("{FAE04EC0-301F-11D3-BF4B-00C04F79EFBC}") = "PageObject", "PageObject\PageObject.csproj", "{D7318108-790C-4A87-B334-08689CBFECE4}"
EndProject
Global
	GlobalSection(SolutionConfigurationPlatforms) = preSolution
		Debug|Any CPU = Debug|Any CPU
		Release|Any CPU = Release|Any CPU
	EndGlobalSection
	GlobalSection(ProjectConfigurationPlatforms) = postSolution
		{DD231356-7C16-43C5-AD6B-C302385E37FF}.Debug|Any CPU.ActiveCfg = Debug|Any CPU
		{DD231356-7C16-43C5-AD6B-C302385E37FF}.Debug|Any CPU.Build.0 = Debug|Any CPU
		{DD231356-7C16-43C5-AD6B-C302385E37FF}.Release|Any CPU.ActiveCfg = Release|Any CPU
		{DD231356-7C16-43C5-AD6B-C302385E37FF}.Release|Any CPU.Build.0 = Release|Any CPU
		{D7318108-790C-4A87-B334-08689CBFECE4}.Debug|Any CPU.ActiveCfg = Debug|Any CPU
		{D7318108-790C-4A87-B334-08689CBFECE4}.Debug|Any CPU.Build.0 = Debug|Any CPU
		{D7318108-790C-4A87-B334-08689CBFECE4}.Release|Any CPU.ActiveCfg = Release|Any CPU
		{D7318108-790C-4A87-B334-08689CBFECE4}.Release|Any CPU.Build.0 = Release|Any CPU
	EndGlobalSection
	GlobalSection(SolutionProperties) = preSolution
		HideSolutionNode = FALSE
	EndGlobalSection
	GlobalSection(ExtensibilityGlobals) = postSolution
		SolutionGuid = {791582CF-1E4D-4A5E-94B4-4ADC09C6E3AD}
	EndGlobalSection
EndGlobal
